// !$*UTF8*$!
{
	archiveVersion = 1;
	classes = {
	};
	objectVersion = 51;
	objects = {

/* Begin PBXBuildFile section */
		34265C98256AA24B0009A93C /* NetworkClient.swift in Sources */ = {isa = PBXBuildFile; fileRef = 34265C97256AA24B0009A93C /* NetworkClient.swift */; };
		3443FBDC2556CDA500F9742E /* StoryImageDetailsViewController.swift in Sources */ = {isa = PBXBuildFile; fileRef = 3443FBDB2556CDA500F9742E /* StoryImageDetailsViewController.swift */; };
		3443FBDF2556D50900F9742E /* AddStoryItemDelegate.swift in Sources */ = {isa = PBXBuildFile; fileRef = 3443FBDE2556D50900F9742E /* AddStoryItemDelegate.swift */; };
		3475BDCD256031D0006C104E /* UserViewController.swift in Sources */ = {isa = PBXBuildFile; fileRef = 3475BDCC256031CF006C104E /* UserViewController.swift */; };
		3487891B255D6DA300B2E19C /* CreateStoryDetailsViewController.swift in Sources */ = {isa = PBXBuildFile; fileRef = 3487891A255D6DA300B2E19C /* CreateStoryDetailsViewController.swift */; };
		34AA474B25695CD30083CFC4 /* UserTableViewCell.swift in Sources */ = {isa = PBXBuildFile; fileRef = 34AA474925695CD30083CFC4 /* UserTableViewCell.swift */; };
		34AA474C25695CD30083CFC4 /* UserTableViewCell.xib in Resources */ = {isa = PBXBuildFile; fileRef = 34AA474A25695CD30083CFC4 /* UserTableViewCell.xib */; };
		34E3C17A254BB5F300C5E0D8 /* IntrisiveTableView.swift in Sources */ = {isa = PBXBuildFile; fileRef = 34E3C179254BB5F300C5E0D8 /* IntrisiveTableView.swift */; };
		34F23C9C255189AE00D2EE72 /* CardView.swift in Sources */ = {isa = PBXBuildFile; fileRef = 34F23C9B255189AD00D2EE72 /* CardView.swift */; };
		3A5B582A254488C80059FD5C /* FacebookViewController.swift in Sources */ = {isa = PBXBuildFile; fileRef = 3A5B5829254488C80059FD5C /* FacebookViewController.swift */; };
		3A5B582D2544B2CB0059FD5C /* AddStoryCollectionViewCell.swift in Sources */ = {isa = PBXBuildFile; fileRef = 3A5B582B2544B2CB0059FD5C /* AddStoryCollectionViewCell.swift */; };
		3A5B582E2544B2CB0059FD5C /* AddStoryCollectionViewCell.xib in Resources */ = {isa = PBXBuildFile; fileRef = 3A5B582C2544B2CB0059FD5C /* AddStoryCollectionViewCell.xib */; };
		3A66F4742557BA84007F78B0 /* RoomItemDetailViewController.swift in Sources */ = {isa = PBXBuildFile; fileRef = 3A66F4732557BA84007F78B0 /* RoomItemDetailViewController.swift */; };
		3A66F4762557BF0B007F78B0 /* AddRoomItemDelegate.swift in Sources */ = {isa = PBXBuildFile; fileRef = 3A66F4752557BF0B007F78B0 /* AddRoomItemDelegate.swift */; };
		3A6777DF255181B8009D6DB3 /* AdidasViewController.swift in Sources */ = {isa = PBXBuildFile; fileRef = 3A6777DE255181B8009D6DB3 /* AdidasViewController.swift */; };
		3A6FC355253CACAE006E4B04 /* DatePickerViewController.swift in Sources */ = {isa = PBXBuildFile; fileRef = 3A6FC354253CACAE006E4B04 /* DatePickerViewController.swift */; };
		3A9A298B25468CFF000A94FD /* CreateAStoryCollectionViewCell.swift in Sources */ = {isa = PBXBuildFile; fileRef = 3A9A298925468CFF000A94FD /* CreateAStoryCollectionViewCell.swift */; };
		3A9A298C25468CFF000A94FD /* CreateAStoryCollectionViewCell.xib in Resources */ = {isa = PBXBuildFile; fileRef = 3A9A298A25468CFF000A94FD /* CreateAStoryCollectionViewCell.xib */; };
		3A9C53D6255FA65300A89EF2 /* CreateRoomDetailViewController.swift in Sources */ = {isa = PBXBuildFile; fileRef = 3A9C53D5255FA65300A89EF2 /* CreateRoomDetailViewController.swift */; };
		3ABF15292541400A007BF50C /* RoomItemCollectionViewCell.swift in Sources */ = {isa = PBXBuildFile; fileRef = 3ABF15272541400A007BF50C /* RoomItemCollectionViewCell.swift */; };
		3ABF152A2541400A007BF50C /* RoomItemCollectionViewCell.xib in Resources */ = {isa = PBXBuildFile; fileRef = 3ABF15282541400A007BF50C /* RoomItemCollectionViewCell.xib */; };
		3ABF152C2541404C007BF50C /* HomeViewController.swift in Sources */ = {isa = PBXBuildFile; fileRef = 3ABF152B2541404C007BF50C /* HomeViewController.swift */; };
		3AC1BEB3254A65D300175921 /* NewsFeedTableViewCell.swift in Sources */ = {isa = PBXBuildFile; fileRef = 3AC1BEB1254A65D300175921 /* NewsFeedTableViewCell.swift */; };
		3AC1BEB4254A65D300175921 /* NewsFeedTableViewCell.xib in Resources */ = {isa = PBXBuildFile; fileRef = 3AC1BEB2254A65D300175921 /* NewsFeedTableViewCell.xib */; };
		3ACFE9982543D75F00EF4D0A /* CreateRoomCollectionViewCell.swift in Sources */ = {isa = PBXBuildFile; fileRef = 3ACFE9962543D75F00EF4D0A /* CreateRoomCollectionViewCell.swift */; };
		3ACFE9992543D75F00EF4D0A /* CreateRoomCollectionViewCell.xib in Resources */ = {isa = PBXBuildFile; fileRef = 3ACFE9972543D75F00EF4D0A /* CreateRoomCollectionViewCell.xib */; };
		3AF1D9112529900B00DC40EF /* AppDelegate.swift in Sources */ = {isa = PBXBuildFile; fileRef = 3AF1D9102529900B00DC40EF /* AppDelegate.swift */; };
		3AF1D9132529900B00DC40EF /* SceneDelegate.swift in Sources */ = {isa = PBXBuildFile; fileRef = 3AF1D9122529900B00DC40EF /* SceneDelegate.swift */; };
		3AF1D9182529900B00DC40EF /* Main.storyboard in Resources */ = {isa = PBXBuildFile; fileRef = 3AF1D9162529900B00DC40EF /* Main.storyboard */; };
		3AF1D91A2529901400DC40EF /* Assets.xcassets in Resources */ = {isa = PBXBuildFile; fileRef = 3AF1D9192529901400DC40EF /* Assets.xcassets */; };
		3AF1D91D2529901400DC40EF /* LaunchScreen.storyboard in Resources */ = {isa = PBXBuildFile; fileRef = 3AF1D91B2529901400DC40EF /* LaunchScreen.storyboard */; };
		3AF1D925252990BE00DC40EF /* ContactListViewController.swift in Sources */ = {isa = PBXBuildFile; fileRef = 3AF1D924252990BE00DC40EF /* ContactListViewController.swift */; };
		3AF1D92C2529A28600DC40EF /* ContactListViewItemTableViewCell.swift in Sources */ = {isa = PBXBuildFile; fileRef = 3AF1D92A2529A28600DC40EF /* ContactListViewItemTableViewCell.swift */; };
		3AF1D92D2529A28600DC40EF /* ContactListViewItemTableViewCell.xib in Resources */ = {isa = PBXBuildFile; fileRef = 3AF1D92B2529A28600DC40EF /* ContactListViewItemTableViewCell.xib */; };
		54D874C830FD94D0C8CBD79A /* Pods_ContactListView.framework in Frameworks */ = {isa = PBXBuildFile; fileRef = 247EC750CAECF5305D07B4AB /* Pods_ContactListView.framework */; };
/* End PBXBuildFile section */

/* Begin PBXFileReference section */
		247EC750CAECF5305D07B4AB /* Pods_ContactListView.framework */ = {isa = PBXFileReference; explicitFileType = wrapper.framework; includeInIndex = 0; path = Pods_ContactListView.framework; sourceTree = BUILT_PRODUCTS_DIR; };
		34265C97256AA24B0009A93C /* NetworkClient.swift */ = {isa = PBXFileReference; lastKnownFileType = sourcecode.swift; path = NetworkClient.swift; sourceTree = "<group>"; };
		3443FBDB2556CDA500F9742E /* StoryImageDetailsViewController.swift */ = {isa = PBXFileReference; lastKnownFileType = sourcecode.swift; path = StoryImageDetailsViewController.swift; sourceTree = "<group>"; };
		3443FBDE2556D50900F9742E /* AddStoryItemDelegate.swift */ = {isa = PBXFileReference; lastKnownFileType = sourcecode.swift; path = AddStoryItemDelegate.swift; sourceTree = "<group>"; };
		3475BDCC256031CF006C104E /* UserViewController.swift */ = {isa = PBXFileReference; lastKnownFileType = sourcecode.swift; path = UserViewController.swift; sourceTree = "<group>"; };
		3487891A255D6DA300B2E19C /* CreateStoryDetailsViewController.swift */ = {isa = PBXFileReference; lastKnownFileType = sourcecode.swift; path = CreateStoryDetailsViewController.swift; sourceTree = "<group>"; };
		34AA474925695CD30083CFC4 /* UserTableViewCell.swift */ = {isa = PBXFileReference; lastKnownFileType = sourcecode.swift; path = UserTableViewCell.swift; sourceTree = "<group>"; };
		34AA474A25695CD30083CFC4 /* UserTableViewCell.xib */ = {isa = PBXFileReference; lastKnownFileType = file.xib; path = UserTableViewCell.xib; sourceTree = "<group>"; };
		34E3C179254BB5F300C5E0D8 /* IntrisiveTableView.swift */ = {isa = PBXFileReference; lastKnownFileType = sourcecode.swift; path = IntrisiveTableView.swift; sourceTree = "<group>"; };
		34F23C9B255189AD00D2EE72 /* CardView.swift */ = {isa = PBXFileReference; lastKnownFileType = sourcecode.swift; path = CardView.swift; sourceTree = "<group>"; };
		3A5B5829254488C80059FD5C /* FacebookViewController.swift */ = {isa = PBXFileReference; lastKnownFileType = sourcecode.swift; path = FacebookViewController.swift; sourceTree = "<group>"; };
		3A5B582B2544B2CB0059FD5C /* AddStoryCollectionViewCell.swift */ = {isa = PBXFileReference; lastKnownFileType = sourcecode.swift; path = AddStoryCollectionViewCell.swift; sourceTree = "<group>"; };
		3A5B582C2544B2CB0059FD5C /* AddStoryCollectionViewCell.xib */ = {isa = PBXFileReference; lastKnownFileType = file.xib; path = AddStoryCollectionViewCell.xib; sourceTree = "<group>"; };
		3A66F4732557BA84007F78B0 /* RoomItemDetailViewController.swift */ = {isa = PBXFileReference; lastKnownFileType = sourcecode.swift; path = RoomItemDetailViewController.swift; sourceTree = "<group>"; };
		3A66F4752557BF0B007F78B0 /* AddRoomItemDelegate.swift */ = {isa = PBXFileReference; lastKnownFileType = sourcecode.swift; path = AddRoomItemDelegate.swift; sourceTree = "<group>"; };
		3A6777DE255181B8009D6DB3 /* AdidasViewController.swift */ = {isa = PBXFileReference; lastKnownFileType = sourcecode.swift; path = AdidasViewController.swift; sourceTree = "<group>"; };
		3A6FC354253CACAE006E4B04 /* DatePickerViewController.swift */ = {isa = PBXFileReference; lastKnownFileType = sourcecode.swift; path = DatePickerViewController.swift; sourceTree = "<group>"; };
		3A9A298925468CFF000A94FD /* CreateAStoryCollectionViewCell.swift */ = {isa = PBXFileReference; lastKnownFileType = sourcecode.swift; path = CreateAStoryCollectionViewCell.swift; sourceTree = "<group>"; };
		3A9A298A25468CFF000A94FD /* CreateAStoryCollectionViewCell.xib */ = {isa = PBXFileReference; lastKnownFileType = file.xib; path = CreateAStoryCollectionViewCell.xib; sourceTree = "<group>"; };
		3A9C53D5255FA65300A89EF2 /* CreateRoomDetailViewController.swift */ = {isa = PBXFileReference; lastKnownFileType = sourcecode.swift; path = CreateRoomDetailViewController.swift; sourceTree = "<group>"; };
		3ABF15272541400A007BF50C /* RoomItemCollectionViewCell.swift */ = {isa = PBXFileReference; lastKnownFileType = sourcecode.swift; path = RoomItemCollectionViewCell.swift; sourceTree = "<group>"; };
		3ABF15282541400A007BF50C /* RoomItemCollectionViewCell.xib */ = {isa = PBXFileReference; lastKnownFileType = file.xib; path = RoomItemCollectionViewCell.xib; sourceTree = "<group>"; };
		3ABF152B2541404C007BF50C /* HomeViewController.swift */ = {isa = PBXFileReference; lastKnownFileType = sourcecode.swift; path = HomeViewController.swift; sourceTree = "<group>"; };
		3AC1BEB1254A65D300175921 /* NewsFeedTableViewCell.swift */ = {isa = PBXFileReference; lastKnownFileType = sourcecode.swift; path = NewsFeedTableViewCell.swift; sourceTree = "<group>"; };
		3AC1BEB2254A65D300175921 /* NewsFeedTableViewCell.xib */ = {isa = PBXFileReference; lastKnownFileType = file.xib; path = NewsFeedTableViewCell.xib; sourceTree = "<group>"; };
		3ACFE9962543D75F00EF4D0A /* CreateRoomCollectionViewCell.swift */ = {isa = PBXFileReference; lastKnownFileType = sourcecode.swift; path = CreateRoomCollectionViewCell.swift; sourceTree = "<group>"; };
		3ACFE9972543D75F00EF4D0A /* CreateRoomCollectionViewCell.xib */ = {isa = PBXFileReference; lastKnownFileType = file.xib; path = CreateRoomCollectionViewCell.xib; sourceTree = "<group>"; };
		3AF1D90D2529900B00DC40EF /* ContactListView.app */ = {isa = PBXFileReference; explicitFileType = wrapper.application; includeInIndex = 0; path = ContactListView.app; sourceTree = BUILT_PRODUCTS_DIR; };
		3AF1D9102529900B00DC40EF /* AppDelegate.swift */ = {isa = PBXFileReference; lastKnownFileType = sourcecode.swift; path = AppDelegate.swift; sourceTree = "<group>"; };
		3AF1D9122529900B00DC40EF /* SceneDelegate.swift */ = {isa = PBXFileReference; lastKnownFileType = sourcecode.swift; path = SceneDelegate.swift; sourceTree = "<group>"; };
		3AF1D9172529900B00DC40EF /* Base */ = {isa = PBXFileReference; lastKnownFileType = file.storyboard; name = Base; path = Base.lproj/Main.storyboard; sourceTree = "<group>"; };
		3AF1D9192529901400DC40EF /* Assets.xcassets */ = {isa = PBXFileReference; lastKnownFileType = folder.assetcatalog; path = Assets.xcassets; sourceTree = "<group>"; };
		3AF1D91C2529901400DC40EF /* Base */ = {isa = PBXFileReference; lastKnownFileType = file.storyboard; name = Base; path = Base.lproj/LaunchScreen.storyboard; sourceTree = "<group>"; };
		3AF1D91E2529901400DC40EF /* Info.plist */ = {isa = PBXFileReference; lastKnownFileType = text.plist.xml; path = Info.plist; sourceTree = "<group>"; };
		3AF1D924252990BE00DC40EF /* ContactListViewController.swift */ = {isa = PBXFileReference; lastKnownFileType = sourcecode.swift; path = ContactListViewController.swift; sourceTree = "<group>"; };
		3AF1D92A2529A28600DC40EF /* ContactListViewItemTableViewCell.swift */ = {isa = PBXFileReference; lastKnownFileType = sourcecode.swift; path = ContactListViewItemTableViewCell.swift; sourceTree = "<group>"; };
		3AF1D92B2529A28600DC40EF /* ContactListViewItemTableViewCell.xib */ = {isa = PBXFileReference; lastKnownFileType = file.xib; path = ContactListViewItemTableViewCell.xib; sourceTree = "<group>"; };
		5F77F5D582ADE73DB1C45CA2 /* Pods-ContactListView.debug.xcconfig */ = {isa = PBXFileReference; includeInIndex = 1; lastKnownFileType = text.xcconfig; name = "Pods-ContactListView.debug.xcconfig"; path = "Target Support Files/Pods-ContactListView/Pods-ContactListView.debug.xcconfig"; sourceTree = "<group>"; };
		A4BAB7C7E9EE189D4EA59DE5 /* Pods-ContactListView.release.xcconfig */ = {isa = PBXFileReference; includeInIndex = 1; lastKnownFileType = text.xcconfig; name = "Pods-ContactListView.release.xcconfig"; path = "Target Support Files/Pods-ContactListView/Pods-ContactListView.release.xcconfig"; sourceTree = "<group>"; };
/* End PBXFileReference section */

/* Begin PBXFrameworksBuildPhase section */
		3AF1D90A2529900B00DC40EF /* Frameworks */ = {
			isa = PBXFrameworksBuildPhase;
			buildActionMask = 2147483647;
			files = (
				54D874C830FD94D0C8CBD79A /* Pods_ContactListView.framework in Frameworks */,
			);
			runOnlyForDeploymentPostprocessing = 0;
		};
/* End PBXFrameworksBuildPhase section */

/* Begin PBXGroup section */
		2D7AE977E0972D27901985AF /* Pods */ = {
			isa = PBXGroup;
			children = (
				5F77F5D582ADE73DB1C45CA2 /* Pods-ContactListView.debug.xcconfig */,
				A4BAB7C7E9EE189D4EA59DE5 /* Pods-ContactListView.release.xcconfig */,
			);
			path = Pods;
			sourceTree = "<group>";
		};
		3492C7ED2547C49B007A2994 /* View */ = {
			isa = PBXGroup;
			children = (
				3492C7F12547C8A3007A2994 /* Cell */,
				3492C7F02547C894007A2994 /* ViewController */,
			);
			path = View;
			sourceTree = "<group>";
		};
		3492C7EE2547C4A6007A2994 /* Resource */ = {
			isa = PBXGroup;
			children = (
				3AF1D9162529900B00DC40EF /* Main.storyboard */,
				3AF1D9192529901400DC40EF /* Assets.xcassets */,
				3AF1D91B2529901400DC40EF /* LaunchScreen.storyboard */,
			);
			path = Resource;
			sourceTree = "<group>";
		};
		3492C7F02547C894007A2994 /* ViewController */ = {
			isa = PBXGroup;
			children = (
				3AF1D924252990BE00DC40EF /* ContactListViewController.swift */,
				3A6FC354253CACAE006E4B04 /* DatePickerViewController.swift */,
				3ABF152B2541404C007BF50C /* HomeViewController.swift */,
				3A5B5829254488C80059FD5C /* FacebookViewController.swift */,
				3A6777DE255181B8009D6DB3 /* AdidasViewController.swift */,
				3443FBDB2556CDA500F9742E /* StoryImageDetailsViewController.swift */,
				3A66F4732557BA84007F78B0 /* RoomItemDetailViewController.swift */,
				3487891A255D6DA300B2E19C /* CreateStoryDetailsViewController.swift */,
				3A9C53D5255FA65300A89EF2 /* CreateRoomDetailViewController.swift */,
				3475BDCC256031CF006C104E /* UserViewController.swift */,
			);
			path = ViewController;
			sourceTree = "<group>";
		};
		3492C7F12547C8A3007A2994 /* Cell */ = {
			isa = PBXGroup;
			children = (
				3AF1D92A2529A28600DC40EF /* ContactListViewItemTableViewCell.swift */,
				3AF1D92B2529A28600DC40EF /* ContactListViewItemTableViewCell.xib */,
				3ABF15272541400A007BF50C /* RoomItemCollectionViewCell.swift */,
				3ABF15282541400A007BF50C /* RoomItemCollectionViewCell.xib */,
				3ACFE9962543D75F00EF4D0A /* CreateRoomCollectionViewCell.swift */,
				3ACFE9972543D75F00EF4D0A /* CreateRoomCollectionViewCell.xib */,
				3A5B582B2544B2CB0059FD5C /* AddStoryCollectionViewCell.swift */,
				3A5B582C2544B2CB0059FD5C /* AddStoryCollectionViewCell.xib */,
				3A9A298925468CFF000A94FD /* CreateAStoryCollectionViewCell.swift */,
				3A9A298A25468CFF000A94FD /* CreateAStoryCollectionViewCell.xib */,
				3AC1BEB1254A65D300175921 /* NewsFeedTableViewCell.swift */,
				3AC1BEB2254A65D300175921 /* NewsFeedTableViewCell.xib */,
				34AA474925695CD30083CFC4 /* UserTableViewCell.swift */,
				34AA474A25695CD30083CFC4 /* UserTableViewCell.xib */,
			);
			path = Cell;
			sourceTree = "<group>";
		};
		3AF1D9042529900B00DC40EF = {
			isa = PBXGroup;
			children = (
				3AF1D90F2529900B00DC40EF /* ContactListView */,
				3AF1D90E2529900B00DC40EF /* Products */,
				2D7AE977E0972D27901985AF /* Pods */,
				FAFE3369DBD1D924E543B1B1 /* Frameworks */,
			);
			sourceTree = "<group>";
		};
		3AF1D90E2529900B00DC40EF /* Products */ = {
			isa = PBXGroup;
			children = (
				3AF1D90D2529900B00DC40EF /* ContactListView.app */,
			);
			name = Products;
			sourceTree = "<group>";
		};
		3AF1D90F2529900B00DC40EF /* ContactListView */ = {
			isa = PBXGroup;
			children = (
				3492C7EE2547C4A6007A2994 /* Resource */,
				3492C7ED2547C49B007A2994 /* View */,
				3AF1D9102529900B00DC40EF /* AppDelegate.swift */,
				3AF1D9122529900B00DC40EF /* SceneDelegate.swift */,
				3AF1D91E2529901400DC40EF /* Info.plist */,
				34E3C179254BB5F300C5E0D8 /* IntrisiveTableView.swift */,
				34F23C9B255189AD00D2EE72 /* CardView.swift */,
				3443FBDE2556D50900F9742E /* AddStoryItemDelegate.swift */,
				3A66F4752557BF0B007F78B0 /* AddRoomItemDelegate.swift */,
				34265C97256AA24B0009A93C /* NetworkClient.swift */,
			);
			path = ContactListView;
			sourceTree = "<group>";
		};
		FAFE3369DBD1D924E543B1B1 /* Frameworks */ = {
			isa = PBXGroup;
			children = (
				247EC750CAECF5305D07B4AB /* Pods_ContactListView.framework */,
			);
			name = Frameworks;
			sourceTree = "<group>";
		};
/* End PBXGroup section */

/* Begin PBXNativeTarget section */
		3AF1D90C2529900B00DC40EF /* ContactListView */ = {
			isa = PBXNativeTarget;
			buildConfigurationList = 3AF1D9212529901400DC40EF /* Build configuration list for PBXNativeTarget "ContactListView" */;
			buildPhases = (
				BC0B4BF95563E2F0BDFCFC2C /* [CP] Check Pods Manifest.lock */,
				3AF1D9092529900B00DC40EF /* Sources */,
				3AF1D90A2529900B00DC40EF /* Frameworks */,
				3AF1D90B2529900B00DC40EF /* Resources */,
				A9E0342A604D51A371ABEB0B /* [CP] Embed Pods Frameworks */,
			);
			buildRules = (
			);
			dependencies = (
			);
			name = ContactListView;
			productName = ContactListView;
			productReference = 3AF1D90D2529900B00DC40EF /* ContactListView.app */;
			productType = "com.apple.product-type.application";
		};
/* End PBXNativeTarget section */

/* Begin PBXProject section */
		3AF1D9052529900B00DC40EF /* Project object */ = {
			isa = PBXProject;
			attributes = {
				LastSwiftUpdateCheck = 1160;
				LastUpgradeCheck = 1160;
				ORGANIZATIONNAME = "THEIN PYAE PHYO";
				TargetAttributes = {
					3AF1D90C2529900B00DC40EF = {
						CreatedOnToolsVersion = 11.6;
					};
				};
			};
			buildConfigurationList = 3AF1D9082529900B00DC40EF /* Build configuration list for PBXProject "ContactListView" */;
			compatibilityVersion = "Xcode 9.3";
			developmentRegion = en;
			hasScannedForEncodings = 0;
			knownRegions = (
				en,
				Base,
			);
			mainGroup = 3AF1D9042529900B00DC40EF;
			productRefGroup = 3AF1D90E2529900B00DC40EF /* Products */;
			projectDirPath = "";
			projectRoot = "";
			targets = (
				3AF1D90C2529900B00DC40EF /* ContactListView */,
			);
		};
/* End PBXProject section */

/* Begin PBXResourcesBuildPhase section */
		3AF1D90B2529900B00DC40EF /* Resources */ = {
			isa = PBXResourcesBuildPhase;
			buildActionMask = 2147483647;
			files = (
				3A9A298C25468CFF000A94FD /* CreateAStoryCollectionViewCell.xib in Resources */,
				3ACFE9992543D75F00EF4D0A /* CreateRoomCollectionViewCell.xib in Resources */,
				3AF1D91D2529901400DC40EF /* LaunchScreen.storyboard in Resources */,
				3AF1D91A2529901400DC40EF /* Assets.xcassets in Resources */,
				34AA474C25695CD30083CFC4 /* UserTableViewCell.xib in Resources */,
				3AF1D92D2529A28600DC40EF /* ContactListViewItemTableViewCell.xib in Resources */,
				3A5B582E2544B2CB0059FD5C /* AddStoryCollectionViewCell.xib in Resources */,
				3ABF152A2541400A007BF50C /* RoomItemCollectionViewCell.xib in Resources */,
				3AF1D9182529900B00DC40EF /* Main.storyboard in Resources */,
				3AC1BEB4254A65D300175921 /* NewsFeedTableViewCell.xib in Resources */,
			);
			runOnlyForDeploymentPostprocessing = 0;
		};
/* End PBXResourcesBuildPhase section */

/* Begin PBXShellScriptBuildPhase section */
		A9E0342A604D51A371ABEB0B /* [CP] Embed Pods Frameworks */ = {
			isa = PBXShellScriptBuildPhase;
			buildActionMask = 2147483647;
			files = (
			);
			inputFileListPaths = (
				"${PODS_ROOT}/Target Support Files/Pods-ContactListView/Pods-ContactListView-frameworks-${CONFIGURATION}-input-files.xcfilelist",
			);
			name = "[CP] Embed Pods Frameworks";
			outputFileListPaths = (
				"${PODS_ROOT}/Target Support Files/Pods-ContactListView/Pods-ContactListView-frameworks-${CONFIGURATION}-output-files.xcfilelist",
			);
			runOnlyForDeploymentPostprocessing = 0;
			shellPath = /bin/sh;
			shellScript = "\"${PODS_ROOT}/Target Support Files/Pods-ContactListView/Pods-ContactListView-frameworks.sh\"\n";
			showEnvVarsInLog = 0;
		};
		BC0B4BF95563E2F0BDFCFC2C /* [CP] Check Pods Manifest.lock */ = {
			isa = PBXShellScriptBuildPhase;
			buildActionMask = 2147483647;
			files = (
			);
			inputFileListPaths = (
			);
			inputPaths = (
				"${PODS_PODFILE_DIR_PATH}/Podfile.lock",
				"${PODS_ROOT}/Manifest.lock",
			);
			name = "[CP] Check Pods Manifest.lock";
			outputFileListPaths = (
			);
			outputPaths = (
				"$(DERIVED_FILE_DIR)/Pods-ContactListView-checkManifestLockResult.txt",
			);
			runOnlyForDeploymentPostprocessing = 0;
			shellPath = /bin/sh;
			shellScript = "diff \"${PODS_PODFILE_DIR_PATH}/Podfile.lock\" \"${PODS_ROOT}/Manifest.lock\" > /dev/null\nif [ $? != 0 ] ; then\n    # print error to STDERR\n    echo \"error: The sandbox is not in sync with the Podfile.lock. Run 'pod install' or update your CocoaPods installation.\" >&2\n    exit 1\nfi\n# This output is used by Xcode 'outputs' to avoid re-running this script phase.\necho \"SUCCESS\" > \"${SCRIPT_OUTPUT_FILE_0}\"\n";
			showEnvVarsInLog = 0;
		};
/* End PBXShellScriptBuildPhase section */

/* Begin PBXSourcesBuildPhase section */
		3AF1D9092529900B00DC40EF /* Sources */ = {
			isa = PBXSourcesBuildPhase;
			buildActionMask = 2147483647;
			files = (
				3A66F4762557BF0B007F78B0 /* AddRoomItemDelegate.swift in Sources */,
				34AA474B25695CD30083CFC4 /* UserTableViewCell.swift in Sources */,
				3AF1D925252990BE00DC40EF /* ContactListViewController.swift in Sources */,
				3ACFE9982543D75F00EF4D0A /* CreateRoomCollectionViewCell.swift in Sources */,
				3475BDCD256031D0006C104E /* UserViewController.swift in Sources */,
				3AC1BEB3254A65D300175921 /* NewsFeedTableViewCell.swift in Sources */,
				3A6FC355253CACAE006E4B04 /* DatePickerViewController.swift in Sources */,
				34F23C9C255189AE00D2EE72 /* CardView.swift in Sources */,
				3ABF15292541400A007BF50C /* RoomItemCollectionViewCell.swift in Sources */,
				3AF1D9112529900B00DC40EF /* AppDelegate.swift in Sources */,
				3A66F4742557BA84007F78B0 /* RoomItemDetailViewController.swift in Sources */,
				3A6777DF255181B8009D6DB3 /* AdidasViewController.swift in Sources */,
				3A9C53D6255FA65300A89EF2 /* CreateRoomDetailViewController.swift in Sources */,
				3443FBDF2556D50900F9742E /* AddStoryItemDelegate.swift in Sources */,
				3487891B255D6DA300B2E19C /* CreateStoryDetailsViewController.swift in Sources */,
				3A5B582A254488C80059FD5C /* FacebookViewController.swift in Sources */,
				3443FBDC2556CDA500F9742E /* StoryImageDetailsViewController.swift in Sources */,
				3AF1D92C2529A28600DC40EF /* ContactListViewItemTableViewCell.swift in Sources */,
				3A9A298B25468CFF000A94FD /* CreateAStoryCollectionViewCell.swift in Sources */,
				3ABF152C2541404C007BF50C /* HomeViewController.swift in Sources */,
				34E3C17A254BB5F300C5E0D8 /* IntrisiveTableView.swift in Sources */,
				3A5B582D2544B2CB0059FD5C /* AddStoryCollectionViewCell.swift in Sources */,
				3AF1D9132529900B00DC40EF /* SceneDelegate.swift in Sources */,
				34265C98256AA24B0009A93C /* NetworkClient.swift in Sources */,
			);
			runOnlyForDeploymentPostprocessing = 0;
		};
/* End PBXSourcesBuildPhase section */

/* Begin PBXVariantGroup section */
		3AF1D9162529900B00DC40EF /* Main.storyboard */ = {
			isa = PBXVariantGroup;
			children = (
				3AF1D9172529900B00DC40EF /* Base */,
			);
			name = Main.storyboard;
			sourceTree = "<group>";
		};
		3AF1D91B2529901400DC40EF /* LaunchScreen.storyboard */ = {
			isa = PBXVariantGroup;
			children = (
				3AF1D91C2529901400DC40EF /* Base */,
			);
			name = LaunchScreen.storyboard;
			sourceTree = "<group>";
		};
/* End PBXVariantGroup section */

/* Begin XCBuildConfiguration section */
		3AF1D91F2529901400DC40EF /* Debug */ = {
			isa = XCBuildConfiguration;
			buildSettings = {
				ALWAYS_SEARCH_USER_PATHS = NO;
				CLANG_ANALYZER_NONNULL = YES;
				CLANG_ANALYZER_NUMBER_OBJECT_CONVERSION = YES_AGGRESSIVE;
				CLANG_CXX_LANGUAGE_STANDARD = "gnu++14";
				CLANG_CXX_LIBRARY = "libc++";
				CLANG_ENABLE_MODULES = YES;
				CLANG_ENABLE_OBJC_ARC = YES;
				CLANG_ENABLE_OBJC_WEAK = YES;
				CLANG_WARN_BLOCK_CAPTURE_AUTORELEASING = YES;
				CLANG_WARN_BOOL_CONVERSION = YES;
				CLANG_WARN_COMMA = YES;
				CLANG_WARN_CONSTANT_CONVERSION = YES;
				CLANG_WARN_DEPRECATED_OBJC_IMPLEMENTATIONS = YES;
				CLANG_WARN_DIRECT_OBJC_ISA_USAGE = YES_ERROR;
				CLANG_WARN_DOCUMENTATION_COMMENTS = YES;
				CLANG_WARN_EMPTY_BODY = YES;
				CLANG_WARN_ENUM_CONVERSION = YES;
				CLANG_WARN_INFINITE_RECURSION = YES;
				CLANG_WARN_INT_CONVERSION = YES;
				CLANG_WARN_NON_LITERAL_NULL_CONVERSION = YES;
				CLANG_WARN_OBJC_IMPLICIT_RETAIN_SELF = YES;
				CLANG_WARN_OBJC_LITERAL_CONVERSION = YES;
				CLANG_WARN_OBJC_ROOT_CLASS = YES_ERROR;
				CLANG_WARN_RANGE_LOOP_ANALYSIS = YES;
				CLANG_WARN_STRICT_PROTOTYPES = YES;
				CLANG_WARN_SUSPICIOUS_MOVE = YES;
				CLANG_WARN_UNGUARDED_AVAILABILITY = YES_AGGRESSIVE;
				CLANG_WARN_UNREACHABLE_CODE = YES;
				CLANG_WARN__DUPLICATE_METHOD_MATCH = YES;
				COPY_PHASE_STRIP = NO;
				DEBUG_INFORMATION_FORMAT = dwarf;
				ENABLE_STRICT_OBJC_MSGSEND = YES;
				ENABLE_TESTABILITY = YES;
				GCC_C_LANGUAGE_STANDARD = gnu11;
				GCC_DYNAMIC_NO_PIC = NO;
				GCC_NO_COMMON_BLOCKS = YES;
				GCC_OPTIMIZATION_LEVEL = 0;
				GCC_PREPROCESSOR_DEFINITIONS = (
					"DEBUG=1",
					"$(inherited)",
				);
				GCC_WARN_64_TO_32_BIT_CONVERSION = YES;
				GCC_WARN_ABOUT_RETURN_TYPE = YES_ERROR;
				GCC_WARN_UNDECLARED_SELECTOR = YES;
				GCC_WARN_UNINITIALIZED_AUTOS = YES_AGGRESSIVE;
				GCC_WARN_UNUSED_FUNCTION = YES;
				GCC_WARN_UNUSED_VARIABLE = YES;
				IPHONEOS_DEPLOYMENT_TARGET = 13.6;
				MTL_ENABLE_DEBUG_INFO = INCLUDE_SOURCE;
				MTL_FAST_MATH = YES;
				ONLY_ACTIVE_ARCH = YES;
				SDKROOT = iphoneos;
				SWIFT_ACTIVE_COMPILATION_CONDITIONS = DEBUG;
				SWIFT_OPTIMIZATION_LEVEL = "-Onone";
			};
			name = Debug;
		};
		3AF1D9202529901400DC40EF /* Release */ = {
			isa = XCBuildConfiguration;
			buildSettings = {
				ALWAYS_SEARCH_USER_PATHS = NO;
				CLANG_ANALYZER_NONNULL = YES;
				CLANG_ANALYZER_NUMBER_OBJECT_CONVERSION = YES_AGGRESSIVE;
				CLANG_CXX_LANGUAGE_STANDARD = "gnu++14";
				CLANG_CXX_LIBRARY = "libc++";
				CLANG_ENABLE_MODULES = YES;
				CLANG_ENABLE_OBJC_ARC = YES;
				CLANG_ENABLE_OBJC_WEAK = YES;
				CLANG_WARN_BLOCK_CAPTURE_AUTORELEASING = YES;
				CLANG_WARN_BOOL_CONVERSION = YES;
				CLANG_WARN_COMMA = YES;
				CLANG_WARN_CONSTANT_CONVERSION = YES;
				CLANG_WARN_DEPRECATED_OBJC_IMPLEMENTATIONS = YES;
				CLANG_WARN_DIRECT_OBJC_ISA_USAGE = YES_ERROR;
				CLANG_WARN_DOCUMENTATION_COMMENTS = YES;
				CLANG_WARN_EMPTY_BODY = YES;
				CLANG_WARN_ENUM_CONVERSION = YES;
				CLANG_WARN_INFINITE_RECURSION = YES;
				CLANG_WARN_INT_CONVERSION = YES;
				CLANG_WARN_NON_LITERAL_NULL_CONVERSION = YES;
				CLANG_WARN_OBJC_IMPLICIT_RETAIN_SELF = YES;
				CLANG_WARN_OBJC_LITERAL_CONVERSION = YES;
				CLANG_WARN_OBJC_ROOT_CLASS = YES_ERROR;
				CLANG_WARN_RANGE_LOOP_ANALYSIS = YES;
				CLANG_WARN_STRICT_PROTOTYPES = YES;
				CLANG_WARN_SUSPICIOUS_MOVE = YES;
				CLANG_WARN_UNGUARDED_AVAILABILITY = YES_AGGRESSIVE;
				CLANG_WARN_UNREACHABLE_CODE = YES;
				CLANG_WARN__DUPLICATE_METHOD_MATCH = YES;
				COPY_PHASE_STRIP = NO;
				DEBUG_INFORMATION_FORMAT = "dwarf-with-dsym";
				ENABLE_NS_ASSERTIONS = NO;
				ENABLE_STRICT_OBJC_MSGSEND = YES;
				GCC_C_LANGUAGE_STANDARD = gnu11;
				GCC_NO_COMMON_BLOCKS = YES;
				GCC_WARN_64_TO_32_BIT_CONVERSION = YES;
				GCC_WARN_ABOUT_RETURN_TYPE = YES_ERROR;
				GCC_WARN_UNDECLARED_SELECTOR = YES;
				GCC_WARN_UNINITIALIZED_AUTOS = YES_AGGRESSIVE;
				GCC_WARN_UNUSED_FUNCTION = YES;
				GCC_WARN_UNUSED_VARIABLE = YES;
				IPHONEOS_DEPLOYMENT_TARGET = 13.6;
				MTL_ENABLE_DEBUG_INFO = NO;
				MTL_FAST_MATH = YES;
				SDKROOT = iphoneos;
				SWIFT_COMPILATION_MODE = wholemodule;
				SWIFT_OPTIMIZATION_LEVEL = "-O";
				VALIDATE_PRODUCT = YES;
			};
			name = Release;
		};
		3AF1D9222529901400DC40EF /* Debug */ = {
			isa = XCBuildConfiguration;
			baseConfigurationReference = 5F77F5D582ADE73DB1C45CA2 /* Pods-ContactListView.debug.xcconfig */;
			buildSettings = {
				ASSETCATALOG_COMPILER_APPICON_NAME = AppIcon;
				CODE_SIGN_STYLE = Automatic;
				DEVELOPMENT_TEAM = A28NH9262X;
				INFOPLIST_FILE = ContactListView/Info.plist;
				IPHONEOS_DEPLOYMENT_TARGET = 13.5;
				LD_RUNPATH_SEARCH_PATHS = (
					"$(inherited)",
					"@executable_path/Frameworks",
				);
				PRODUCT_BUNDLE_IDENTIFIER = com.tpp1.ContactListView;
				PRODUCT_NAME = "$(TARGET_NAME)";
				SWIFT_VERSION = 5.0;
				TARGETED_DEVICE_FAMILY = "1,2";
			};
			name = Debug;
		};
		3AF1D9232529901400DC40EF /* Release */ = {
			isa = XCBuildConfiguration;
			baseConfigurationReference = A4BAB7C7E9EE189D4EA59DE5 /* Pods-ContactListView.release.xcconfig */;
			buildSettings = {
				ASSETCATALOG_COMPILER_APPICON_NAME = AppIcon;
				CODE_SIGN_STYLE = Automatic;
				DEVELOPMENT_TEAM = A28NH9262X;
				INFOPLIST_FILE = ContactListView/Info.plist;
				IPHONEOS_DEPLOYMENT_TARGET = 13.5;
				LD_RUNPATH_SEARCH_PATHS = (
					"$(inherited)",
					"@executable_path/Frameworks",
				);
				PRODUCT_BUNDLE_IDENTIFIER = com.tpp1.ContactListView;
				PRODUCT_NAME = "$(TARGET_NAME)";
				SWIFT_VERSION = 5.0;
				TARGETED_DEVICE_FAMILY = "1,2";
			};
			name = Release;
		};
/* End XCBuildConfiguration section */

/* Begin XCConfigurationList section */
		3AF1D9082529900B00DC40EF /* Build configuration list for PBXProject "ContactListView" */ = {
			isa = XCConfigurationList;
			buildConfigurations = (
				3AF1D91F2529901400DC40EF /* Debug */,
				3AF1D9202529901400DC40EF /* Release */,
			);
			defaultConfigurationIsVisible = 0;
			defaultConfigurationName = Release;
		};
		3AF1D9212529901400DC40EF /* Build configuration list for PBXNativeTarget "ContactListView" */ = {
			isa = XCConfigurationList;
			buildConfigurations = (
				3AF1D9222529901400DC40EF /* Debug */,
				3AF1D9232529901400DC40EF /* Release */,
			);
			defaultConfigurationIsVisible = 0;
			defaultConfigurationName = Release;
		};
/* End XCConfigurationList section */
	};
	rootObject = 3AF1D9052529900B00DC40EF /* Project object */;
}
